{
  "name": "ingomez.com",
  "lockfileVersion": 3,
  "requires": true,
  "packages": {
    "": {
      "devDependencies": {
        "@filipecarneiro/hugo-bootstrap-theme": "^1.0.38"
      }
    },
    "node_modules/@filipecarneiro/hugo-bootstrap-theme": {
      "version": "1.0.38",
      "resolved": "https://registry.npmjs.org/@filipecarneiro/hugo-bootstrap-theme/-/hugo-bootstrap-theme-1.0.38.tgz",
      "integrity": "sha512-XeoUQp7vihKbns2YB/LdUGc7ONjTsl/xEdk3PL5NIfxxe35u+/2RVRsd3e5eKt92msgHYIjbUOS5Yzhms522bw==",
      "dev": true,
      "hasInstallScript": true
    }
  }
}
